
Microsoft Visual Studio Solution File, Format Version 12.00
Project("{FAE04EC0-301F-11D3-BF4B-00C04F79EFBC}") = "HouseTask", "HouseTask\HouseTask.csproj", "{20B123EB-0E6E-4738-818B-555D7D81EBD1}"
EndProject
Global
	GlobalSection(SolutionConfigurationPlatforms) = preSolution
		Debug|Any CPU = Debug|Any CPU
		Release|Any CPU = Release|Any CPU
	EndGlobalSection
	GlobalSection(ProjectConfigurationPlatforms) = postSolution
		{20B123EB-0E6E-4738-818B-555D7D81EBD1}.Debug|Any CPU.ActiveCfg = Debug|Any CPU
		{20B123EB-0E6E-4738-818B-555D7D81EBD1}.Debug|Any CPU.Build.0 = Debug|Any CPU
		{20B123EB-0E6E-4738-818B-555D7D81EBD1}.Release|Any CPU.ActiveCfg = Release|Any CPU
		{20B123EB-0E6E-4738-818B-555D7D81EBD1}.Release|Any CPU.Build.0 = Release|Any CPU
	EndGlobalSection
EndGlobal
